%{
  "bunt": {:hex, :bunt, "0.2.0", "951c6e801e8b1d2cbe58ebbd3e616a869061ddadcc4863d0a2182541acae9a38", [:mix], []},
  "certifi": {:hex, :certifi, "1.0.0", "1c787a85b1855ba354f0b8920392c19aa1d06b0ee1362f9141279620a5be2039", [:rebar3], [], "hexpm"},
  "combine": {:hex, :combine, "0.9.6", "8d1034a127d4cbf6924c8a5010d3534d958085575fa4d9b878f200d79ac78335", [:mix], []},
  "confex": {:hex, :confex, "1.5.0", "172e4769d7a951aae3f9fd1b139da9ab0cd6a4d30b29959b0bde57826a19eb21", [:mix], []},
  "connection": {:hex, :connection, "1.0.4", "a1cae72211f0eef17705aaededacac3eb30e6625b04a6117c1b2db6ace7d5976", [:mix], []},
  "cowboy": {:hex, :cowboy, "1.1.2", "61ac29ea970389a88eca5a65601460162d370a70018afe6f949a29dca91f3bb0", [:rebar3], [{:cowlib, "~> 1.0.2", [hex: :cowlib, optional: false]}, {:ranch, "~> 1.3.2", [hex: :ranch, optional: false]}]},
  "cowlib": {:hex, :cowlib, "1.0.2", "9d769a1d062c9c3ac753096f868ca121e2730b9a377de23dec0f7e08b1df84ee", [:make], []},
  "credo": {:hex, :credo, "0.8.10", "261862bb7363247762e1063713bb85df2bbd84af8d8610d1272cd9c1943bba63", [:mix], [{:bunt, "~> 0.2.0", [hex: :bunt, repo: "hexpm", optional: false]}], "hexpm"},
  "db_connection": {:hex, :db_connection, "1.1.2", "2865c2a4bae0714e2213a0ce60a1b12d76a6efba0c51fbda59c9ab8d1accc7a8", [:mix], [{:connection, "~> 1.0.2", [hex: :connection, optional: false]}, {:poolboy, "~> 1.5", [hex: :poolboy, optional: true]}, {:sbroker, "~> 1.0", [hex: :sbroker, optional: true]}]},
  "decimal": {:hex, :decimal, "1.4.0", "fac965ce71a46aab53d3a6ce45662806bdd708a4a95a65cde8a12eb0124a1333", [:mix], [], "hexpm"},
  "digital_signature_lib": {:git, "https://github.com/edenlabllc/digital_signature.lib.git", "122d0cd7974f1504591b7f81eed2cee52a975788", [branch: :fixes]},
  "distillery": {:hex, :distillery, "1.5.2", "eec18b2d37b55b0bcb670cf2bcf64228ed38ce8b046bb30a9b636a6f5a4c0080", [:mix], [], "hexpm"},
  "dogma": {:hex, :dogma, "0.1.15", "5bceba9054b2b97a4adcb2ab4948ca9245e5258b883946e82d32f785340fd411", [:mix], [{:poison, ">= 2.0.0", [hex: :poison, optional: false]}]},
  "earmark": {:hex, :earmark, "1.2.0", "bf1ce17aea43ab62f6943b97bd6e3dc032ce45d4f787504e3adf738e54b42f3a", [:mix], []},
  "ecto": {:hex, :ecto, "2.1.6", "29b45f393c2ecd99f83e418ea9b0a2af6078ecb30f401481abac8a473c490f84", [:mix], [{:db_connection, "~> 1.1", [repo: "hexpm", hex: :db_connection, optional: true]}, {:decimal, "~> 1.2", [repo: "hexpm", hex: :decimal, optional: false]}, {:mariaex, "~> 0.8.0", [repo: "hexpm", hex: :mariaex, optional: true]}, {:poison, "~> 2.2 or ~> 3.0", [repo: "hexpm", hex: :poison, optional: true]}, {:poolboy, "~> 1.5", [repo: "hexpm", hex: :poolboy, optional: false]}, {:postgrex, "~> 0.13.0", [repo: "hexpm", hex: :postgrex, optional: true]}, {:sbroker, "~> 1.0", [repo: "hexpm", hex: :sbroker, optional: true]}], "hexpm"},
  "ecto_logger_json": {:hex, :ecto_logger_json, "0.1.0", "e980882a9e1863223eaa683c6b5d22f01e496bd19caed3eea4896f3cba54db40", [], [{:poison, "~> 1.5 or ~> 2.0 or ~> 3.0", [hex: :poison, repo: "hexpm", optional: false]}], "hexpm"},
  "ecto_paging": {:hex, :ecto_paging, "0.8.2", "e41c6cf6758953e6c263d0262df06e9d9946e5adc63de85532e918f5ef65e54a", [:mix], [{:ecto, ">= 2.1.0", [repo: "hexpm", hex: :ecto, optional: false]}, {:postgrex, "~> 0.13.0", [repo: "hexpm", hex: :postgrex, optional: true]}], "hexpm"},
  "elixir_make": {:hex, :elixir_make, "0.4.0", "992f38fabe705bb45821a728f20914c554b276838433349d4f2341f7a687cddf", [:mix], []},
  "eview": {:hex, :eview, "0.11.0", "489ea95b1655318221085ff4c8fa7f902e21420831b275f57d3c0f9468fa13f1", [:mix], [{:credit_card, "~> 1.0", [repo: "hexpm", hex: :credit_card, optional: true]}, {:ecto, "~> 2.1", [repo: "hexpm", hex: :ecto, optional: true]}, {:nex_json_schema, "~> 0.6.0", [repo: "hexpm", hex: :nex_json_schema, optional: true]}, {:plug, "~> 1.3", [repo: "hexpm", hex: :plug, optional: false]}, {:poison, "~> 3.1", [repo: "hexpm", hex: :poison, optional: false]}], "hexpm"},
  "ex_doc": {:hex, :ex_doc, "0.15.1", "d5f9d588fd802152516fccfdb96d6073753f77314fcfee892b15b6724ca0d596", [:mix], [{:earmark, "~> 1.1", [hex: :earmark, optional: false]}]},
  "excoveralls": {:hex, :excoveralls, "0.6.3", "894bf9254890a4aac1d1165da08145a72700ff42d8cb6ce8195a584cb2a4b374", [:mix], [{:exjsx, "~> 3.0", [repo: "hexpm", hex: :exjsx, optional: false]}, {:hackney, ">= 0.12.0", [repo: "hexpm", hex: :hackney, optional: false]}], "hexpm"},
  "exjsx": {:hex, :exjsx, "3.2.1", "1bc5bf1e4fd249104178f0885030bcd75a4526f4d2a1e976f4b428d347614f0f", [:mix], [{:jsx, "~> 2.8.0", [repo: "hexpm", hex: :jsx, optional: false]}], "hexpm"},
  "gettext": {:hex, :gettext, "0.13.1", "5e0daf4e7636d771c4c71ad5f3f53ba09a9ae5c250e1ab9c42ba9edccc476263", [:mix], []},
  "hackney": {:hex, :hackney, "1.7.1", "e238c52c5df3c3b16ce613d3a51c7220a784d734879b1e231c9babd433ac1cb4", [:rebar3], [{:certifi, "1.0.0", [repo: "hexpm", hex: :certifi, optional: false]}, {:idna, "4.0.0", [repo: "hexpm", hex: :idna, optional: false]}, {:metrics, "1.0.1", [repo: "hexpm", hex: :metrics, optional: false]}, {:mimerl, "1.0.2", [repo: "hexpm", hex: :mimerl, optional: false]}, {:ssl_verify_fun, "1.1.1", [repo: "hexpm", hex: :ssl_verify_fun, optional: false]}], "hexpm"},
  "httpoison": {:hex, :httpoison, "0.11.1", "d06c571274c0e77b6cc50e548db3fd7779f611fbed6681fd60a331f66c143a0b", [:mix], [{:hackney, "~> 1.7.0", [repo: "hexpm", hex: :hackney, optional: false]}], "hexpm"},
  "idna": {:hex, :idna, "4.0.0", "10aaa9f79d0b12cf0def53038547855b91144f1bfcc0ec73494f38bb7b9c4961", [:rebar3], [], "hexpm"},
  "jsx": {:hex, :jsx, "2.8.2", "7acc7d785b5abe8a6e9adbde926a24e481f29956dd8b4df49e3e4e7bcc92a018", [:mix, :rebar3], [], "hexpm"},
  "jvalid": {:hex, :jvalid, "0.5.2", "fc012dd3a5b321fe2d0a648522857a2e081ddbfb311d9c8f40d1cdf009fbe4e7", [:mix], [{:distillery, ">= 1.3.0", [repo: "hexpm", hex: :distillery, optional: false]}, {:nex_json_schema, ">= 0.5.4", [repo: "hexpm", hex: :nex_json_schema, optional: false]}, {:poison, ">= 3.1.0", [repo: "hexpm", hex: :poison, optional: false]}], "hexpm"},
  "metrics": {:hex, :metrics, "1.0.1", "25f094dea2cda98213cecc3aeff09e940299d950904393b2a29d191c346a8486", [:rebar3], []},
  "mime": {:hex, :mime, "1.1.0", "01c1d6f4083d8aa5c7b8c246ade95139620ef8effb009edde934e0ec3b28090a", [:mix], []},
  "mimerl": {:hex, :mimerl, "1.0.2", "993f9b0e084083405ed8252b99460c4f0563e41729ab42d9074fd5e52439be88", [:rebar3], []},
  "nex_json_schema": {:hex, :nex_json_schema, "0.6.0", "2e87c13defd7dc426549034e778a1b4e2892a283def30bf4af323963aa5bc431", [:mix], [], "hexpm"},
  "phoenix": {:hex, :phoenix, "1.3.0-rc.1", "0d04948a4bd24823f101024c07b6a4d35e58f1fd92a465c1bc75dd37acd1041a", [:mix], [{:cowboy, "~> 1.0", [repo: "hexpm", hex: :cowboy, optional: true]}, {:phoenix_pubsub, "~> 1.0", [repo: "hexpm", hex: :phoenix_pubsub, optional: false]}, {:plug, "~> 1.3.2 or ~> 1.4", [repo: "hexpm", hex: :plug, optional: false]}, {:poison, "~> 2.2 or ~> 3.0", [repo: "hexpm", hex: :poison, optional: false]}], "hexpm"},
  "phoenix_pubsub": {:hex, :phoenix_pubsub, "1.0.1", "c10ddf6237007c804bf2b8f3c4d5b99009b42eca3a0dfac04ea2d8001186056a", [:mix], [], "hexpm"},
  "plug": {:hex, :plug, "1.3.5", "7503bfcd7091df2a9761ef8cecea666d1f2cc454cbbaf0afa0b6e259203b7031", [:mix], [{:cowboy, "~> 1.0.1 or ~> 1.1", [repo: "hexpm", hex: :cowboy, optional: true]}, {:mime, "~> 1.0", [repo: "hexpm", hex: :mime, optional: false]}], "hexpm"},
  "plug_logger_json": {:hex, :plug_logger_json, "0.5.0", "8f99f566940dd0b820e27d2a2aff7ab0a893326f9a170ad610703db6f18d2838", [], [{:plug, "~> 1.0", [hex: :plug, repo: "hexpm", optional: false]}, {:poison, "~> 1.5 or ~> 2.0 or ~> 3.0", [hex: :poison, repo: "hexpm", optional: false]}], "hexpm"},
  "poison": {:hex, :poison, "3.1.0", "d9eb636610e096f86f25d9a46f35a9facac35609a7591b3be3326e99a0484665", [:mix], []},
  "poolboy": {:hex, :poolboy, "1.5.1", "6b46163901cfd0a1b43d692657ed9d7e599853b3b21b95ae5ae0a777cf9b6ca8", [:rebar], []},
  "postgrex": {:hex, :postgrex, "0.13.3", "c277cfb2a9c5034d445a722494c13359e361d344ef6f25d604c2353185682bfc", [:mix], [{:connection, "~> 1.0", [hex: :connection, optional: false]}, {:db_connection, "~> 1.1", [hex: :db_connection, optional: false]}, {:decimal, "~> 1.0", [hex: :decimal, optional: false]}]},
  "ranch": {:hex, :ranch, "1.3.2", "e4965a144dc9fbe70e5c077c65e73c57165416a901bd02ea899cfd95aa890986", [:rebar3], []},
  "ssl_verify_fun": {:hex, :ssl_verify_fun, "1.1.1", "28a4d65b7f59893bc2c7de786dec1e1555bd742d336043fe644ae956c3497fbe", [:make, :rebar], []},
  "timex": {:hex, :timex, "3.1.24", "d198ae9783ac807721cca0c5535384ebdf99da4976be8cefb9665a9262a1e9e3", [:mix], [{:combine, "~> 0.7", [hex: :combine, repo: "hexpm", optional: false]}, {:gettext, "~> 0.10", [hex: :gettext, repo: "hexpm", optional: false]}, {:tzdata, "~> 0.1.8 or ~> 0.5", [hex: :tzdata, repo: "hexpm", optional: false]}], "hexpm"},
  "tzdata": {:hex, :tzdata, "0.5.12", "1c17b68692c6ba5b6ab15db3d64cc8baa0f182043d5ae9d4b6d35d70af76f67b", [:mix], [{:hackney, "~> 1.0", [hex: :hackney, optional: false]}]},
}
